
Microsoft Visual Studio Solution File, Format Version 12.00
# Visual Studio 11
Project("{FAE04EC0-301F-11D3-BF4B-00C04F79EFBC}") = "DotX86", "DotX86\DotX86.csproj", "{5C9F3015-2053-4CF9-8033-ECD1832E7561}"
EndProject
Project("{FAE04EC0-301F-11D3-BF4B-00C04F79EFBC}") = "DotX86.Tests", "DotX86.Tests\DotX86.Tests.csproj", "{FAF8F26E-CB1B-42AE-B725-735FFDB22F5D}"
EndProject
Global
	GlobalSection(SolutionConfigurationPlatforms) = preSolution
		Debug|Any CPU = Debug|Any CPU
		Release|Any CPU = Release|Any CPU
	EndGlobalSection
	GlobalSection(ProjectConfigurationPlatforms) = postSolution
		{5C9F3015-2053-4CF9-8033-ECD1832E7561}.Debug|Any CPU.ActiveCfg = Debug|Any CPU
		{5C9F3015-2053-4CF9-8033-ECD1832E7561}.Debug|Any CPU.Build.0 = Debug|Any CPU
		{5C9F3015-2053-4CF9-8033-ECD1832E7561}.Release|Any CPU.ActiveCfg = Release|Any CPU
		{5C9F3015-2053-4CF9-8033-ECD1832E7561}.Release|Any CPU.Build.0 = Release|Any CPU
		{FAF8F26E-CB1B-42AE-B725-735FFDB22F5D}.Debug|Any CPU.ActiveCfg = Debug|Any CPU
		{FAF8F26E-CB1B-42AE-B725-735FFDB22F5D}.Debug|Any CPU.Build.0 = Debug|Any CPU
		{FAF8F26E-CB1B-42AE-B725-735FFDB22F5D}.Release|Any CPU.ActiveCfg = Release|Any CPU
		{FAF8F26E-CB1B-42AE-B725-735FFDB22F5D}.Release|Any CPU.Build.0 = Release|Any CPU
	EndGlobalSection
	GlobalSection(SolutionProperties) = preSolution
		HideSolutionNode = FALSE
	EndGlobalSection
	GlobalSection(Performance) = preSolution
		HasPerformanceSessions = true
	EndGlobalSection
EndGlobal
